// !$*UTF8*$!
{
	archiveVersion = 1;
	classes = {
	};
	objectVersion = 50;
	objects = {

/* Begin PBXBuildFile section */
		F444342523159B200053CBA7 /* LoginService.swift in Sources */ = {isa = PBXBuildFile; fileRef = F444342423159B200053CBA7 /* LoginService.swift */; };
		F4D2E09722D8E7D000684FD1 /* AppDelegate.swift in Sources */ = {isa = PBXBuildFile; fileRef = F4D2E09622D8E7D000684FD1 /* AppDelegate.swift */; };
		F4D2E09922D8E7D000684FD1 /* SceneDelegate.swift in Sources */ = {isa = PBXBuildFile; fileRef = F4D2E09822D8E7D000684FD1 /* SceneDelegate.swift */; };
		F4D2E09B22D8E7D000684FD1 /* ContentView.swift in Sources */ = {isa = PBXBuildFile; fileRef = F4D2E09A22D8E7D000684FD1 /* ContentView.swift */; };
		F4D2E09D22D8E7D300684FD1 /* Assets.xcassets in Resources */ = {isa = PBXBuildFile; fileRef = F4D2E09C22D8E7D300684FD1 /* Assets.xcassets */; };
		F4D2E0A022D8E7D300684FD1 /* Preview Assets.xcassets in Resources */ = {isa = PBXBuildFile; fileRef = F4D2E09F22D8E7D300684FD1 /* Preview Assets.xcassets */; };
		F4D2E0A322D8E7D300684FD1 /* LaunchScreen.storyboard in Resources */ = {isa = PBXBuildFile; fileRef = F4D2E0A122D8E7D300684FD1 /* LaunchScreen.storyboard */; };
		F4D2E0C722D8EA9D00684FD1 /* LoginForm.swift in Sources */ = {isa = PBXBuildFile; fileRef = F4D2E0C622D8EA9D00684FD1 /* LoginForm.swift */; };
		F4E69D5122D8EB5E00A81924 /* LoginUsernameField.swift in Sources */ = {isa = PBXBuildFile; fileRef = F4E69D5022D8EB5E00A81924 /* LoginUsernameField.swift */; };
		F4E69D5322D8EC5700A81924 /* LoginPasswordField.swift in Sources */ = {isa = PBXBuildFile; fileRef = F4E69D5222D8EC5700A81924 /* LoginPasswordField.swift */; };
		F4E69D5522D8EEF400A81924 /* SignUp.swift in Sources */ = {isa = PBXBuildFile; fileRef = F4E69D5422D8EEF400A81924 /* SignUp.swift */; };
/* End PBXBuildFile section */

/* Begin PBXFileReference section */
		F444342423159B200053CBA7 /* LoginService.swift */ = {isa = PBXFileReference; lastKnownFileType = sourcecode.swift; path = LoginService.swift; sourceTree = "<group>"; };
		F4D2E09322D8E7D000684FD1 /* Login.app */ = {isa = PBXFileReference; explicitFileType = wrapper.application; includeInIndex = 0; path = Login.app; sourceTree = BUILT_PRODUCTS_DIR; };
		F4D2E09622D8E7D000684FD1 /* AppDelegate.swift */ = {isa = PBXFileReference; lastKnownFileType = sourcecode.swift; path = AppDelegate.swift; sourceTree = "<group>"; };
		F4D2E09822D8E7D000684FD1 /* SceneDelegate.swift */ = {isa = PBXFileReference; lastKnownFileType = sourcecode.swift; path = SceneDelegate.swift; sourceTree = "<group>"; };
		F4D2E09A22D8E7D000684FD1 /* ContentView.swift */ = {isa = PBXFileReference; lastKnownFileType = sourcecode.swift; name = ContentView.swift; path = ../ContentView.swift; sourceTree = "<group>"; };
		F4D2E09C22D8E7D300684FD1 /* Assets.xcassets */ = {isa = PBXFileReference; lastKnownFileType = folder.assetcatalog; path = Assets.xcassets; sourceTree = "<group>"; };
		F4D2E09F22D8E7D300684FD1 /* Preview Assets.xcassets */ = {isa = PBXFileReference; lastKnownFileType = folder.assetcatalog; path = "Preview Assets.xcassets"; sourceTree = "<group>"; };
		F4D2E0A222D8E7D300684FD1 /* Base */ = {isa = PBXFileReference; lastKnownFileType = file.storyboard; name = Base; path = Base.lproj/LaunchScreen.storyboard; sourceTree = "<group>"; };
		F4D2E0A422D8E7D300684FD1 /* Info.plist */ = {isa = PBXFileReference; lastKnownFileType = text.plist.xml; path = Info.plist; sourceTree = "<group>"; };
		F4D2E0C622D8EA9D00684FD1 /* LoginForm.swift */ = {isa = PBXFileReference; lastKnownFileType = sourcecode.swift; name = LoginForm.swift; path = ../LoginForm.swift; sourceTree = "<group>"; };
		F4E69D5022D8EB5E00A81924 /* LoginUsernameField.swift */ = {isa = PBXFileReference; lastKnownFileType = sourcecode.swift; name = LoginUsernameField.swift; path = ../LoginUsernameField.swift; sourceTree = "<group>"; };
		F4E69D5222D8EC5700A81924 /* LoginPasswordField.swift */ = {isa = PBXFileReference; lastKnownFileType = sourcecode.swift; name = LoginPasswordField.swift; path = ../LoginPasswordField.swift; sourceTree = "<group>"; };
		F4E69D5422D8EEF400A81924 /* SignUp.swift */ = {isa = PBXFileReference; lastKnownFileType = sourcecode.swift; name = SignUp.swift; path = ../SignUp.swift; sourceTree = "<group>"; };
/* End PBXFileReference section */

/* Begin PBXFrameworksBuildPhase section */
		F4D2E09022D8E7D000684FD1 /* Frameworks */ = {
			isa = PBXFrameworksBuildPhase;
			buildActionMask = 2147483647;
			files = (
			);
			runOnlyForDeploymentPostprocessing = 0;
		};
/* End PBXFrameworksBuildPhase section */

/* Begin PBXGroup section */
		F4443422231599EB0053CBA7 /* Views */ = {
			isa = PBXGroup;
			children = (
				F4D2E09A22D8E7D000684FD1 /* ContentView.swift */,
				F4D2E0C622D8EA9D00684FD1 /* LoginForm.swift */,
				F4E69D5022D8EB5E00A81924 /* LoginUsernameField.swift */,
				F4E69D5222D8EC5700A81924 /* LoginPasswordField.swift */,
				F4E69D5422D8EEF400A81924 /* SignUp.swift */,
			);
			path = Views;
			sourceTree = "<group>";
		};
		F444342323159B0B0053CBA7 /* Service */ = {
			isa = PBXGroup;
			children = (
				F444342423159B200053CBA7 /* LoginService.swift */,
			);
			path = Service;
			sourceTree = "<group>";
		};
		F4D2E08A22D8E7D000684FD1 = {
			isa = PBXGroup;
			children = (
				F4D2E09522D8E7D000684FD1 /* Login */,
				F4D2E09422D8E7D000684FD1 /* Products */,
			);
			sourceTree = "<group>";
		};
		F4D2E09422D8E7D000684FD1 /* Products */ = {
			isa = PBXGroup;
			children = (
				F4D2E09322D8E7D000684FD1 /* Login.app */,
			);
			name = Products;
			sourceTree = "<group>";
		};
		F4D2E09522D8E7D000684FD1 /* Login */ = {
			isa = PBXGroup;
			children = (
				F4443422231599EB0053CBA7 /* Views */,
				F444342323159B0B0053CBA7 /* Service */,
				F4D2E09622D8E7D000684FD1 /* AppDelegate.swift */,
				F4D2E09822D8E7D000684FD1 /* SceneDelegate.swift */,
				F4D2E09C22D8E7D300684FD1 /* Assets.xcassets */,
				F4D2E0A122D8E7D300684FD1 /* LaunchScreen.storyboard */,
				F4D2E0A422D8E7D300684FD1 /* Info.plist */,
				F4D2E09E22D8E7D300684FD1 /* Preview Content */,
			);
			path = Login;
			sourceTree = "<group>";
		};
		F4D2E09E22D8E7D300684FD1 /* Preview Content */ = {
			isa = PBXGroup;
			children = (
				F4D2E09F22D8E7D300684FD1 /* Preview Assets.xcassets */,
			);
			path = "Preview Content";
			sourceTree = "<group>";
		};
/* End PBXGroup section */

/* Begin PBXNativeTarget section */
		F4D2E09222D8E7D000684FD1 /* Login */ = {
			isa = PBXNativeTarget;
			buildConfigurationList = F4D2E0BD22D8E7D400684FD1 /* Build configuration list for PBXNativeTarget "Login" */;
			buildPhases = (
				F4D2E08F22D8E7D000684FD1 /* Sources */,
				F4D2E09022D8E7D000684FD1 /* Frameworks */,
				F4D2E09122D8E7D000684FD1 /* Resources */,
			);
			buildRules = (
			);
			dependencies = (
			);
			name = Login;
			productName = Login;
			productReference = F4D2E09322D8E7D000684FD1 /* Login.app */;
			productType = "com.apple.product-type.application";
		};
/* End PBXNativeTarget section */

/* Begin PBXProject section */
		F4D2E08B22D8E7D000684FD1 /* Project object */ = {
			isa = PBXProject;
			attributes = {
				LastSwiftUpdateCheck = 1100;
				LastUpgradeCheck = 1100;
				ORGANIZATIONNAME = Connected;
				TargetAttributes = {
					F4D2E09222D8E7D000684FD1 = {
						CreatedOnToolsVersion = 11.0;
					};
				};
			};
			buildConfigurationList = F4D2E08E22D8E7D000684FD1 /* Build configuration list for PBXProject "Login" */;
			compatibilityVersion = "Xcode 9.3";
			developmentRegion = en;
			hasScannedForEncodings = 0;
			knownRegions = (
				en,
				Base,
			);
			mainGroup = F4D2E08A22D8E7D000684FD1;
			productRefGroup = F4D2E09422D8E7D000684FD1 /* Products */;
			projectDirPath = "";
			projectRoot = "";
			targets = (
				F4D2E09222D8E7D000684FD1 /* Login */,
			);
		};
/* End PBXProject section */

/* Begin PBXResourcesBuildPhase section */
		F4D2E09122D8E7D000684FD1 /* Resources */ = {
			isa = PBXResourcesBuildPhase;
			buildActionMask = 2147483647;
			files = (
				F4D2E0A322D8E7D300684FD1 /* LaunchScreen.storyboard in Resources */,
				F4D2E0A022D8E7D300684FD1 /* Preview Assets.xcassets in Resources */,
				F4D2E09D22D8E7D300684FD1 /* Assets.xcassets in Resources */,
			);
			runOnlyForDeploymentPostprocessing = 0;
		};
/* End PBXResourcesBuildPhase section */

/* Begin PBXSourcesBuildPhase section */
		F4D2E08F22D8E7D000684FD1 /* Sources */ = {
			isa = PBXSourcesBuildPhase;
			buildActionMask = 2147483647;
			files = (
				F4E69D5522D8EEF400A81924 /* SignUp.swift in Sources */,
				F4D2E09722D8E7D000684FD1 /* AppDelegate.swift in Sources */,
				F4D2E09922D8E7D000684FD1 /* SceneDelegate.swift in Sources */,
				F4D2E09B22D8E7D000684FD1 /* ContentView.swift in Sources */,
				F4E69D5322D8EC5700A81924 /* LoginPasswordField.swift in Sources */,
				F4D2E0C722D8EA9D00684FD1 /* LoginForm.swift in Sources */,
				F4E69D5122D8EB5E00A81924 /* LoginUsernameField.swift in Sources */,
				F444342523159B200053CBA7 /* LoginService.swift in Sources */,
			);
			runOnlyForDeploymentPostprocessing = 0;
		};
/* End PBXSourcesBuildPhase section */

/* Begin PBXVariantGroup section */
		F4D2E0A122D8E7D300684FD1 /* LaunchScreen.storyboard */ = {
			isa = PBXVariantGroup;
			children = (
				F4D2E0A222D8E7D300684FD1 /* Base */,
			);
			name = LaunchScreen.storyboard;
			sourceTree = "<group>";
		};
/* End PBXVariantGroup section */

/* Begin XCBuildConfiguration section */
		F4D2E0BB22D8E7D400684FD1 /* Debug */ = {
			isa = XCBuildConfiguration;
			buildSettings = {
				ALWAYS_SEARCH_USER_PATHS = NO;
				CLANG_ANALYZER_NONNULL = YES;
				CLANG_ANALYZER_NUMBER_OBJECT_CONVERSION = YES_AGGRESSIVE;
				CLANG_CXX_LANGUAGE_STANDARD = "gnu++14";
				CLANG_CXX_LIBRARY = "libc++";
				CLANG_ENABLE_MODULES = YES;
				CLANG_ENABLE_OBJC_ARC = YES;
				CLANG_ENABLE_OBJC_WEAK = YES;
				CLANG_WARN_BLOCK_CAPTURE_AUTORELEASING = YES;
				CLANG_WARN_BOOL_CONVERSION = YES;
				CLANG_WARN_COMMA = YES;
				CLANG_WARN_CONSTANT_CONVERSION = YES;
				CLANG_WARN_DEPRECATED_OBJC_IMPLEMENTATIONS = YES;
				CLANG_WARN_DIRECT_OBJC_ISA_USAGE = YES_ERROR;
				CLANG_WARN_DOCUMENTATION_COMMENTS = YES;
				CLANG_WARN_EMPTY_BODY = YES;
				CLANG_WARN_ENUM_CONVERSION = YES;
				CLANG_WARN_INFINITE_RECURSION = YES;
				CLANG_WARN_INT_CONVERSION = YES;
				CLANG_WARN_NON_LITERAL_NULL_CONVERSION = YES;
				CLANG_WARN_OBJC_IMPLICIT_RETAIN_SELF = YES;
				CLANG_WARN_OBJC_LITERAL_CONVERSION = YES;
				CLANG_WARN_OBJC_ROOT_CLASS = YES_ERROR;
				CLANG_WARN_RANGE_LOOP_ANALYSIS = YES;
				CLANG_WARN_STRICT_PROTOTYPES = YES;
				CLANG_WARN_SUSPICIOUS_MOVE = YES;
				CLANG_WARN_UNGUARDED_AVAILABILITY = YES_AGGRESSIVE;
				CLANG_WARN_UNREACHABLE_CODE = YES;
				CLANG_WARN__DUPLICATE_METHOD_MATCH = YES;
				COPY_PHASE_STRIP = NO;
				DEBUG_INFORMATION_FORMAT = dwarf;
				ENABLE_STRICT_OBJC_MSGSEND = YES;
				ENABLE_TESTABILITY = YES;
				GCC_C_LANGUAGE_STANDARD = gnu11;
				GCC_DYNAMIC_NO_PIC = NO;
				GCC_NO_COMMON_BLOCKS = YES;
				GCC_OPTIMIZATION_LEVEL = 0;
				GCC_PREPROCESSOR_DEFINITIONS = (
					"DEBUG=1",
					"$(inherited)",
				);
				GCC_WARN_64_TO_32_BIT_CONVERSION = YES;
				GCC_WARN_ABOUT_RETURN_TYPE = YES_ERROR;
				GCC_WARN_UNDECLARED_SELECTOR = YES;
				GCC_WARN_UNINITIALIZED_AUTOS = YES_AGGRESSIVE;
				GCC_WARN_UNUSED_FUNCTION = YES;
				GCC_WARN_UNUSED_VARIABLE = YES;
				IPHONEOS_DEPLOYMENT_TARGET = 13.0;
				MTL_ENABLE_DEBUG_INFO = INCLUDE_SOURCE;
				MTL_FAST_MATH = YES;
				ONLY_ACTIVE_ARCH = YES;
				SDKROOT = iphoneos;
				SWIFT_ACTIVE_COMPILATION_CONDITIONS = DEBUG;
				SWIFT_OPTIMIZATION_LEVEL = "-Onone";
			};
			name = Debug;
		};
		F4D2E0BC22D8E7D400684FD1 /* Release */ = {
			isa = XCBuildConfiguration;
			buildSettings = {
				ALWAYS_SEARCH_USER_PATHS = NO;
				CLANG_ANALYZER_NONNULL = YES;
				CLANG_ANALYZER_NUMBER_OBJECT_CONVERSION = YES_AGGRESSIVE;
				CLANG_CXX_LANGUAGE_STANDARD = "gnu++14";
				CLANG_CXX_LIBRARY = "libc++";
				CLANG_ENABLE_MODULES = YES;
				CLANG_ENABLE_OBJC_ARC = YES;
				CLANG_ENABLE_OBJC_WEAK = YES;
				CLANG_WARN_BLOCK_CAPTURE_AUTORELEASING = YES;
				CLANG_WARN_BOOL_CONVERSION = YES;
				CLANG_WARN_COMMA = YES;
				CLANG_WARN_CONSTANT_CONVERSION = YES;
				CLANG_WARN_DEPRECATED_OBJC_IMPLEMENTATIONS = YES;
				CLANG_WARN_DIRECT_OBJC_ISA_USAGE = YES_ERROR;
				CLANG_WARN_DOCUMENTATION_COMMENTS = YES;
				CLANG_WARN_EMPTY_BODY = YES;
				CLANG_WARN_ENUM_CONVERSION = YES;
				CLANG_WARN_INFINITE_RECURSION = YES;
				CLANG_WARN_INT_CONVERSION = YES;
				CLANG_WARN_NON_LITERAL_NULL_CONVERSION = YES;
				CLANG_WARN_OBJC_IMPLICIT_RETAIN_SELF = YES;
				CLANG_WARN_OBJC_LITERAL_CONVERSION = YES;
				CLANG_WARN_OBJC_ROOT_CLASS = YES_ERROR;
				CLANG_WARN_RANGE_LOOP_ANALYSIS = YES;
				CLANG_WARN_STRICT_PROTOTYPES = YES;
				CLANG_WARN_SUSPICIOUS_MOVE = YES;
				CLANG_WARN_UNGUARDED_AVAILABILITY = YES_AGGRESSIVE;
				CLANG_WARN_UNREACHABLE_CODE = YES;
				CLANG_WARN__DUPLICATE_METHOD_MATCH = YES;
				COPY_PHASE_STRIP = NO;
				DEBUG_INFORMATION_FORMAT = "dwarf-with-dsym";
				ENABLE_NS_ASSERTIONS = NO;
				ENABLE_STRICT_OBJC_MSGSEND = YES;
				GCC_C_LANGUAGE_STANDARD = gnu11;
				GCC_NO_COMMON_BLOCKS = YES;
				GCC_WARN_64_TO_32_BIT_CONVERSION = YES;
				GCC_WARN_ABOUT_RETURN_TYPE = YES_ERROR;
				GCC_WARN_UNDECLARED_SELECTOR = YES;
				GCC_WARN_UNINITIALIZED_AUTOS = YES_AGGRESSIVE;
				GCC_WARN_UNUSED_FUNCTION = YES;
				GCC_WARN_UNUSED_VARIABLE = YES;
				IPHONEOS_DEPLOYMENT_TARGET = 13.0;
				MTL_ENABLE_DEBUG_INFO = NO;
				MTL_FAST_MATH = YES;
				SDKROOT = iphoneos;
				SWIFT_COMPILATION_MODE = wholemodule;
				SWIFT_OPTIMIZATION_LEVEL = "-O";
				VALIDATE_PRODUCT = YES;
			};
			name = Release;
		};
		F4D2E0BE22D8E7D400684FD1 /* Debug */ = {
			isa = XCBuildConfiguration;
			buildSettings = {
				ASSETCATALOG_COMPILER_APPICON_NAME = AppIcon;
				CODE_SIGN_STYLE = Automatic;
				DEVELOPMENT_ASSET_PATHS = "Login/Preview\\ Content";
				ENABLE_PREVIEWS = YES;
				INFOPLIST_FILE = Login/Info.plist;
				LD_RUNPATH_SEARCH_PATHS = (
					"$(inherited)",
					"@executable_path/Frameworks",
				);
				PRODUCT_BUNDLE_IDENTIFIER = ca.connected.Login;
				PRODUCT_NAME = "$(TARGET_NAME)";
				SWIFT_VERSION = 5.0;
				TARGETED_DEVICE_FAMILY = "1,2";
			};
			name = Debug;
		};
		F4D2E0BF22D8E7D400684FD1 /* Release */ = {
			isa = XCBuildConfiguration;
			buildSettings = {
				ASSETCATALOG_COMPILER_APPICON_NAME = AppIcon;
				CODE_SIGN_STYLE = Automatic;
				DEVELOPMENT_ASSET_PATHS = "Login/Preview\\ Content";
				ENABLE_PREVIEWS = YES;
				INFOPLIST_FILE = Login/Info.plist;
				LD_RUNPATH_SEARCH_PATHS = (
					"$(inherited)",
					"@executable_path/Frameworks",
				);
				PRODUCT_BUNDLE_IDENTIFIER = ca.connected.Login;
				PRODUCT_NAME = "$(TARGET_NAME)";
				SWIFT_VERSION = 5.0;
				TARGETED_DEVICE_FAMILY = "1,2";
			};
			name = Release;
		};
/* End XCBuildConfiguration section */

/* Begin XCConfigurationList section */
		F4D2E08E22D8E7D000684FD1 /* Build configuration list for PBXProject "Login" */ = {
			isa = XCConfigurationList;
			buildConfigurations = (
				F4D2E0BB22D8E7D400684FD1 /* Debug */,
				F4D2E0BC22D8E7D400684FD1 /* Release */,
			);
			defaultConfigurationIsVisible = 0;
			defaultConfigurationName = Release;
		};
		F4D2E0BD22D8E7D400684FD1 /* Build configuration list for PBXNativeTarget "Login" */ = {
			isa = XCConfigurationList;
			buildConfigurations = (
				F4D2E0BE22D8E7D400684FD1 /* Debug */,
				F4D2E0BF22D8E7D400684FD1 /* Release */,
			);
			defaultConfigurationIsVisible = 0;
			defaultConfigurationName = Release;
		};
/* End XCConfigurationList section */
	};
	rootObject = F4D2E08B22D8E7D000684FD1 /* Project object */;
}
